// !$*UTF8*$!
{
	archiveVersion = 1;
	classes = {
	};
	objectVersion = 56;
	objects = {

/* Begin PBXBuildFile section */
		B55CDFFE2DD3686500BA87B6 /* ContentView.swift in Sources */ = {isa = PBXBuildFile; fileRef = B55CDFFD2DD3686500BA87B6 /* ContentView.swift */; };
		B55CE00D2DD4C75500BA87B6 /* CitySearchPresenter.swift in Sources */ = {isa = PBXBuildFile; fileRef = B55CE0042DD4C75500BA87B6 /* CitySearchPresenter.swift */; };
		B55CE0102DD4C75500BA87B6 /* CityInteractor.swift in Sources */ = {isa = PBXBuildFile; fileRef = B55CE0092DD4C75500BA87B6 /* CityInteractor.swift */; };
		B55CE0112DD4C75500BA87B6 /* CityRouter.swift in Sources */ = {isa = PBXBuildFile; fileRef = B55CE00B2DD4C75500BA87B6 /* CityRouter.swift */; };
		B560F63C2DD74D0900D6C61A /* Secrets.plist in Resources */ = {isa = PBXBuildFile; fileRef = B560F63B2DD74D0900D6C61A /* Secrets.plist */; };
		B560F63E2DD760A600D6C61A /* Secrets.swift in Sources */ = {isa = PBXBuildFile; fileRef = B560F63D2DD760A600D6C61A /* Secrets.swift */; };
		B560F6452DD7A93C00D6C61A /* netfox in Frameworks */ = {isa = PBXBuildFile; productRef = B560F6442DD7A93C00D6C61A /* netfox */; };
		B584FD112DD31E5800BA7C35 /* AppDelegate.swift in Sources */ = {isa = PBXBuildFile; fileRef = B584FD102DD31E5800BA7C35 /* AppDelegate.swift */; };
		B59DFE572DE4818600C61563 /* WeatherHistoryPackage.xcdatamodeld in Sources */ = {isa = PBXBuildFile; fileRef = B59DFE542DE4818600C61563 /* WeatherHistoryPackage.xcdatamodeld */; };
		B5A167242DE718DB00062C97 /* WeatherHistoryInteractorTests.swift in Sources */ = {isa = PBXBuildFile; fileRef = B5A167202DE718DA00062C97 /* WeatherHistoryInteractorTests.swift */; };
		B5A167252DE718DB00062C97 /* WeatherPresenterTests.swift in Sources */ = {isa = PBXBuildFile; fileRef = B5A167212DE718DA00062C97 /* WeatherPresenterTests.swift */; };
		B5A167262DE718DB00062C97 /* WeatherHistoryPresenterTests.swift in Sources */ = {isa = PBXBuildFile; fileRef = B5A167222DE718DA00062C97 /* WeatherHistoryPresenterTests.swift */; };
		B5A167272DE718DB00062C97 /* WeatherInteractorTests.swift in Sources */ = {isa = PBXBuildFile; fileRef = B5A167232DE718DB00062C97 /* WeatherInteractorTests.swift */; };
		B5A167292DE7192100062C97 /* WeatherEntity.swift in Sources */ = {isa = PBXBuildFile; fileRef = B5A167282DE7192100062C97 /* WeatherEntity.swift */; };
		B5A1672C2DE7193600062C97 /* WeatherHistoryInteractor.swift in Sources */ = {isa = PBXBuildFile; fileRef = B5A1672A2DE7193600062C97 /* WeatherHistoryInteractor.swift */; };
		B5A1672D2DE7193600062C97 /* WeatherInteractor.swift in Sources */ = {isa = PBXBuildFile; fileRef = B5A1672B2DE7193600062C97 /* WeatherInteractor.swift */; };
		B5A167302DE7194500062C97 /* WeatherHistoryPresenter.swift in Sources */ = {isa = PBXBuildFile; fileRef = B5A1672E2DE7194500062C97 /* WeatherHistoryPresenter.swift */; };
		B5A167312DE7194500062C97 /* WeatherPresenter.swift in Sources */ = {isa = PBXBuildFile; fileRef = B5A1672F2DE7194500062C97 /* WeatherPresenter.swift */; };
		B5A167342DE7195500062C97 /* WeatherHistoryRouter.swift in Sources */ = {isa = PBXBuildFile; fileRef = B5A167322DE7195500062C97 /* WeatherHistoryRouter.swift */; };
		B5A167352DE7195500062C97 /* WeatherRouter.swift in Sources */ = {isa = PBXBuildFile; fileRef = B5A167332DE7195500062C97 /* WeatherRouter.swift */; };
		B5A167392DE7198A00062C97 /* WeatherHistoryView.swift in Sources */ = {isa = PBXBuildFile; fileRef = B5A167362DE7198A00062C97 /* WeatherHistoryView.swift */; };
		B5A1673A2DE7198A00062C97 /* WeatherLandingView.swift in Sources */ = {isa = PBXBuildFile; fileRef = B5A167372DE7198A00062C97 /* WeatherLandingView.swift */; };
		B5A1673B2DE7198A00062C97 /* WeatherButton.swift in Sources */ = {isa = PBXBuildFile; fileRef = B5A167382DE7198A00062C97 /* WeatherButton.swift */; };
		B5A167422DE7199A00062C97 /* Persistence.swift in Sources */ = {isa = PBXBuildFile; fileRef = B5A1673C2DE7199A00062C97 /* Persistence.swift */; };
		B5A167442DE7199A00062C97 /* Item+CoreDataProperties.swift in Sources */ = {isa = PBXBuildFile; fileRef = B5A167402DE7199A00062C97 /* Item+CoreDataProperties.swift */; };
		B5A167452DE7199A00062C97 /* Item+CoreDataClass.swift in Sources */ = {isa = PBXBuildFile; fileRef = B5A167412DE7199A00062C97 /* Item+CoreDataClass.swift */; };
		B5A167492DE77DEA00062C97 /* weather_response.json in Resources */ = {isa = PBXBuildFile; fileRef = B5A167482DE77DEA00062C97 /* weather_response.json */; };
		B5A1674A2DE77F1D00062C97 /* weather_response.json in Resources */ = {isa = PBXBuildFile; fileRef = B5A167482DE77DEA00062C97 /* weather_response.json */; };
		B5A1674B2DE77F1E00062C97 /* weather_response.json in Resources */ = {isa = PBXBuildFile; fileRef = B5A167482DE77DEA00062C97 /* weather_response.json */; };
		B5A1674D2DE7974E00062C97 /* CityInteractorTests.swift in Sources */ = {isa = PBXBuildFile; fileRef = B5A1674C2DE7974E00062C97 /* CityInteractorTests.swift */; };
		B5A1674F2DE8398500062C97 /* CityPresenterTests.swift in Sources */ = {isa = PBXBuildFile; fileRef = B5A1674E2DE8398500062C97 /* CityPresenterTests.swift */; };
		B5A77FF92DD7465C00DAB57B /* CitySearchView.swift in Sources */ = {isa = PBXBuildFile; fileRef = B5A77FF82DD7465C00DAB57B /* CitySearchView.swift */; };
		B5ECD2422DCDEE5C0031DAC1 /* WeatherAppApp.swift in Sources */ = {isa = PBXBuildFile; fileRef = B5ECD2412DCDEE5C0031DAC1 /* WeatherAppApp.swift */; };
		B5ECD2462DCDEE600031DAC1 /* Assets.xcassets in Resources */ = {isa = PBXBuildFile; fileRef = B5ECD2452DCDEE600031DAC1 /* Assets.xcassets */; };
		B5ECD2492DCDEE600031DAC1 /* Preview Assets.xcassets in Resources */ = {isa = PBXBuildFile; fileRef = B5ECD2482DCDEE600031DAC1 /* Preview Assets.xcassets */; };
		B5ECD25D2DCDEE600031DAC1 /* WeatherAppUITests.swift in Sources */ = {isa = PBXBuildFile; fileRef = B5ECD25C2DCDEE600031DAC1 /* WeatherAppUITests.swift */; };
		B5ECD25F2DCDEE600031DAC1 /* WeatherAppUITestsLaunchTests.swift in Sources */ = {isa = PBXBuildFile; fileRef = B5ECD25E2DCDEE600031DAC1 /* WeatherAppUITestsLaunchTests.swift */; };
/* End PBXBuildFile section */

/* Begin PBXContainerItemProxy section */
		B5ECD24F2DCDEE600031DAC1 /* PBXContainerItemProxy */ = {
			isa = PBXContainerItemProxy;
			containerPortal = B5ECD2362DCDEE5C0031DAC1 /* Project object */;
			proxyType = 1;
			remoteGlobalIDString = B5ECD23D2DCDEE5C0031DAC1;
			remoteInfo = WeatherApp;
		};
		B5ECD2592DCDEE600031DAC1 /* PBXContainerItemProxy */ = {
			isa = PBXContainerItemProxy;
			containerPortal = B5ECD2362DCDEE5C0031DAC1 /* Project object */;
			proxyType = 1;
			remoteGlobalIDString = B5ECD23D2DCDEE5C0031DAC1;
			remoteInfo = WeatherApp;
		};
/* End PBXContainerItemProxy section */

/* Begin PBXFileReference section */
		B55CDFFD2DD3686500BA87B6 /* ContentView.swift */ = {isa = PBXFileReference; lastKnownFileType = sourcecode.swift; path = ContentView.swift; sourceTree = "<group>"; };
		B55CE0042DD4C75500BA87B6 /* CitySearchPresenter.swift */ = {isa = PBXFileReference; fileEncoding = 4; lastKnownFileType = sourcecode.swift; path = CitySearchPresenter.swift; sourceTree = "<group>"; };
		B55CE0092DD4C75500BA87B6 /* CityInteractor.swift */ = {isa = PBXFileReference; fileEncoding = 4; lastKnownFileType = sourcecode.swift; path = CityInteractor.swift; sourceTree = "<group>"; };
		B55CE00B2DD4C75500BA87B6 /* CityRouter.swift */ = {isa = PBXFileReference; fileEncoding = 4; lastKnownFileType = sourcecode.swift; path = CityRouter.swift; sourceTree = "<group>"; };
		B560F63B2DD74D0900D6C61A /* Secrets.plist */ = {isa = PBXFileReference; lastKnownFileType = text.plist.xml; path = Secrets.plist; sourceTree = "<group>"; };
		B560F63D2DD760A600D6C61A /* Secrets.swift */ = {isa = PBXFileReference; lastKnownFileType = sourcecode.swift; path = Secrets.swift; sourceTree = "<group>"; };
		B584FD102DD31E5800BA7C35 /* AppDelegate.swift */ = {isa = PBXFileReference; lastKnownFileType = sourcecode.swift; path = AppDelegate.swift; sourceTree = "<group>"; };
		B59DFE552DE4818600C61563 /* WeatherHistoryPackage.xcdatamodel */ = {isa = PBXFileReference; lastKnownFileType = wrapper.xcdatamodel; path = WeatherHistoryPackage.xcdatamodel; sourceTree = "<group>"; };
		B5A167202DE718DA00062C97 /* WeatherHistoryInteractorTests.swift */ = {isa = PBXFileReference; fileEncoding = 4; lastKnownFileType = sourcecode.swift; path = WeatherHistoryInteractorTests.swift; sourceTree = "<group>"; };
		B5A167212DE718DA00062C97 /* WeatherPresenterTests.swift */ = {isa = PBXFileReference; fileEncoding = 4; lastKnownFileType = sourcecode.swift; path = WeatherPresenterTests.swift; sourceTree = "<group>"; };
		B5A167222DE718DA00062C97 /* WeatherHistoryPresenterTests.swift */ = {isa = PBXFileReference; fileEncoding = 4; lastKnownFileType = sourcecode.swift; path = WeatherHistoryPresenterTests.swift; sourceTree = "<group>"; };
		B5A167232DE718DB00062C97 /* WeatherInteractorTests.swift */ = {isa = PBXFileReference; fileEncoding = 4; lastKnownFileType = sourcecode.swift; path = WeatherInteractorTests.swift; sourceTree = "<group>"; };
		B5A167282DE7192100062C97 /* WeatherEntity.swift */ = {isa = PBXFileReference; fileEncoding = 4; lastKnownFileType = sourcecode.swift; path = WeatherEntity.swift; sourceTree = "<group>"; };
		B5A1672A2DE7193600062C97 /* WeatherHistoryInteractor.swift */ = {isa = PBXFileReference; fileEncoding = 4; lastKnownFileType = sourcecode.swift; path = WeatherHistoryInteractor.swift; sourceTree = "<group>"; };
		B5A1672B2DE7193600062C97 /* WeatherInteractor.swift */ = {isa = PBXFileReference; fileEncoding = 4; lastKnownFileType = sourcecode.swift; path = WeatherInteractor.swift; sourceTree = "<group>"; };
		B5A1672E2DE7194500062C97 /* WeatherHistoryPresenter.swift */ = {isa = PBXFileReference; fileEncoding = 4; lastKnownFileType = sourcecode.swift; path = WeatherHistoryPresenter.swift; sourceTree = "<group>"; };
		B5A1672F2DE7194500062C97 /* WeatherPresenter.swift */ = {isa = PBXFileReference; fileEncoding = 4; lastKnownFileType = sourcecode.swift; path = WeatherPresenter.swift; sourceTree = "<group>"; };
		B5A167322DE7195500062C97 /* WeatherHistoryRouter.swift */ = {isa = PBXFileReference; fileEncoding = 4; lastKnownFileType = sourcecode.swift; path = WeatherHistoryRouter.swift; sourceTree = "<group>"; };
		B5A167332DE7195500062C97 /* WeatherRouter.swift */ = {isa = PBXFileReference; fileEncoding = 4; lastKnownFileType = sourcecode.swift; name = WeatherRouter.swift; path = ../../../../WeatherAppUIPackage/Sources/WeatherAppUI/Module/Router/WeatherRouter.swift; sourceTree = "<group>"; };
		B5A167362DE7198A00062C97 /* WeatherHistoryView.swift */ = {isa = PBXFileReference; fileEncoding = 4; lastKnownFileType = sourcecode.swift; path = WeatherHistoryView.swift; sourceTree = "<group>"; };
		B5A167372DE7198A00062C97 /* WeatherLandingView.swift */ = {isa = PBXFileReference; fileEncoding = 4; lastKnownFileType = sourcecode.swift; path = WeatherLandingView.swift; sourceTree = "<group>"; };
		B5A167382DE7198A00062C97 /* WeatherButton.swift */ = {isa = PBXFileReference; fileEncoding = 4; lastKnownFileType = sourcecode.swift; path = WeatherButton.swift; sourceTree = "<group>"; };
		B5A1673C2DE7199A00062C97 /* Persistence.swift */ = {isa = PBXFileReference; fileEncoding = 4; lastKnownFileType = sourcecode.swift; path = Persistence.swift; sourceTree = "<group>"; };
		B5A167402DE7199A00062C97 /* Item+CoreDataProperties.swift */ = {isa = PBXFileReference; fileEncoding = 4; lastKnownFileType = sourcecode.swift; path = "Item+CoreDataProperties.swift"; sourceTree = "<group>"; };
		B5A167412DE7199A00062C97 /* Item+CoreDataClass.swift */ = {isa = PBXFileReference; fileEncoding = 4; lastKnownFileType = sourcecode.swift; path = "Item+CoreDataClass.swift"; sourceTree = "<group>"; };
		B5A167482DE77DEA00062C97 /* weather_response.json */ = {isa = PBXFileReference; lastKnownFileType = text.json; path = weather_response.json; sourceTree = "<group>"; };
		B5A1674C2DE7974E00062C97 /* CityInteractorTests.swift */ = {isa = PBXFileReference; lastKnownFileType = sourcecode.swift; path = CityInteractorTests.swift; sourceTree = "<group>"; };
		B5A1674E2DE8398500062C97 /* CityPresenterTests.swift */ = {isa = PBXFileReference; lastKnownFileType = sourcecode.swift; path = CityPresenterTests.swift; sourceTree = "<group>"; };
		B5A77FF82DD7465C00DAB57B /* CitySearchView.swift */ = {isa = PBXFileReference; lastKnownFileType = sourcecode.swift; path = CitySearchView.swift; sourceTree = "<group>"; };
		B5ECD23E2DCDEE5C0031DAC1 /* WeatherApp.app */ = {isa = PBXFileReference; explicitFileType = wrapper.application; includeInIndex = 0; path = WeatherApp.app; sourceTree = BUILT_PRODUCTS_DIR; };
		B5ECD2412DCDEE5C0031DAC1 /* WeatherAppApp.swift */ = {isa = PBXFileReference; lastKnownFileType = sourcecode.swift; path = WeatherAppApp.swift; sourceTree = "<group>"; };
		B5ECD2452DCDEE600031DAC1 /* Assets.xcassets */ = {isa = PBXFileReference; lastKnownFileType = folder.assetcatalog; path = Assets.xcassets; sourceTree = "<group>"; };
		B5ECD2482DCDEE600031DAC1 /* Preview Assets.xcassets */ = {isa = PBXFileReference; lastKnownFileType = folder.assetcatalog; path = "Preview Assets.xcassets"; sourceTree = "<group>"; };
		B5ECD24E2DCDEE600031DAC1 /* WeatherAppTests.xctest */ = {isa = PBXFileReference; explicitFileType = wrapper.cfbundle; includeInIndex = 0; path = WeatherAppTests.xctest; sourceTree = BUILT_PRODUCTS_DIR; };
		B5ECD2582DCDEE600031DAC1 /* WeatherAppUITests.xctest */ = {isa = PBXFileReference; explicitFileType = wrapper.cfbundle; includeInIndex = 0; path = WeatherAppUITests.xctest; sourceTree = BUILT_PRODUCTS_DIR; };
		B5ECD25C2DCDEE600031DAC1 /* WeatherAppUITests.swift */ = {isa = PBXFileReference; lastKnownFileType = sourcecode.swift; path = WeatherAppUITests.swift; sourceTree = "<group>"; };
		B5ECD25E2DCDEE600031DAC1 /* WeatherAppUITestsLaunchTests.swift */ = {isa = PBXFileReference; lastKnownFileType = sourcecode.swift; path = WeatherAppUITestsLaunchTests.swift; sourceTree = "<group>"; };
/* End PBXFileReference section */

/* Begin PBXFrameworksBuildPhase section */
		B5ECD23B2DCDEE5C0031DAC1 /* Frameworks */ = {
			isa = PBXFrameworksBuildPhase;
			buildActionMask = 2147483647;
			files = (
				B560F6452DD7A93C00D6C61A /* netfox in Frameworks */,
			);
			runOnlyForDeploymentPostprocessing = 0;
		};
		B5ECD24B2DCDEE600031DAC1 /* Frameworks */ = {
			isa = PBXFrameworksBuildPhase;
			buildActionMask = 2147483647;
			files = (
			);
			runOnlyForDeploymentPostprocessing = 0;
		};
		B5ECD2552DCDEE600031DAC1 /* Frameworks */ = {
			isa = PBXFrameworksBuildPhase;
			buildActionMask = 2147483647;
			files = (
			);
			runOnlyForDeploymentPostprocessing = 0;
		};
/* End PBXFrameworksBuildPhase section */

/* Begin PBXGroup section */
		B55CDFFA2DD3649500BA87B6 /* Frameworks */ = {
			isa = PBXGroup;
			children = (
			);
			name = Frameworks;
			sourceTree = "<group>";
		};
		B55CE0002DD4C75500BA87B6 /* Module */ = {
			isa = PBXGroup;
			children = (
				B5A1673D2DE7199A00062C97 /* CoreData */,
				B5A167412DE7199A00062C97 /* Item+CoreDataClass.swift */,
				B5A167402DE7199A00062C97 /* Item+CoreDataProperties.swift */,
				B5A1673C2DE7199A00062C97 /* Persistence.swift */,
				B55CE0012DD4C75500BA87B6 /* Entity */,
				B55CE0032DD4C75500BA87B6 /* Presenter */,
				B55CE0052DD4C75500BA87B6 /* View */,
				B55CE0082DD4C75500BA87B6 /* Interactor */,
				B55CE00A2DD4C75500BA87B6 /* Router */,
			);
			path = Module;
			sourceTree = "<group>";
		};
		B55CE0012DD4C75500BA87B6 /* Entity */ = {
			isa = PBXGroup;
			children = (
				B560F63D2DD760A600D6C61A /* Secrets.swift */,
				B5A167282DE7192100062C97 /* WeatherEntity.swift */,
			);
			path = Entity;
			sourceTree = "<group>";
		};
		B55CE0032DD4C75500BA87B6 /* Presenter */ = {
			isa = PBXGroup;
			children = (
				B55CE0042DD4C75500BA87B6 /* CitySearchPresenter.swift */,
				B5A1672E2DE7194500062C97 /* WeatherHistoryPresenter.swift */,
				B5A1672F2DE7194500062C97 /* WeatherPresenter.swift */,
			);
			path = Presenter;
			sourceTree = "<group>";
		};
		B55CE0052DD4C75500BA87B6 /* View */ = {
			isa = PBXGroup;
			children = (
				B55CDFFD2DD3686500BA87B6 /* ContentView.swift */,
				B5A167382DE7198A00062C97 /* WeatherButton.swift */,
				B5A167362DE7198A00062C97 /* WeatherHistoryView.swift */,
				B5A167372DE7198A00062C97 /* WeatherLandingView.swift */,
				B5A77FF82DD7465C00DAB57B /* CitySearchView.swift */,
			);
			path = View;
			sourceTree = "<group>";
		};
		B55CE0082DD4C75500BA87B6 /* Interactor */ = {
			isa = PBXGroup;
			children = (
				B55CE0092DD4C75500BA87B6 /* CityInteractor.swift */,
				B5A1672A2DE7193600062C97 /* WeatherHistoryInteractor.swift */,
				B5A1672B2DE7193600062C97 /* WeatherInteractor.swift */,
			);
			path = Interactor;
			sourceTree = "<group>";
		};
		B55CE00A2DD4C75500BA87B6 /* Router */ = {
			isa = PBXGroup;
			children = (
				B5A167322DE7195500062C97 /* WeatherHistoryRouter.swift */,
				B5A167332DE7195500062C97 /* WeatherRouter.swift */,
				B55CE00B2DD4C75500BA87B6 /* CityRouter.swift */,
			);
			path = Router;
			sourceTree = "<group>";
		};
		B5A1673D2DE7199A00062C97 /* CoreData */ = {
			isa = PBXGroup;
			children = (
				B59DFE542DE4818600C61563 /* WeatherHistoryPackage.xcdatamodeld */,
			);
			path = CoreData;
			sourceTree = "<group>";
		};
		B5ECD2352DCDEE5C0031DAC1 = {
			isa = PBXGroup;
			children = (
				B5ECD2402DCDEE5C0031DAC1 /* WeatherApp */,
				B5ECD2512DCDEE600031DAC1 /* WeatherAppTests */,
				B5ECD25B2DCDEE600031DAC1 /* WeatherAppUITests */,
				B5ECD23F2DCDEE5C0031DAC1 /* Products */,
				B55CDFFA2DD3649500BA87B6 /* Frameworks */,
			);
			sourceTree = "<group>";
		};
		B5ECD23F2DCDEE5C0031DAC1 /* Products */ = {
			isa = PBXGroup;
			children = (
				B5ECD23E2DCDEE5C0031DAC1 /* WeatherApp.app */,
				B5ECD24E2DCDEE600031DAC1 /* WeatherAppTests.xctest */,
				B5ECD2582DCDEE600031DAC1 /* WeatherAppUITests.xctest */,
			);
			name = Products;
			sourceTree = "<group>";
		};
		B5ECD2402DCDEE5C0031DAC1 /* WeatherApp */ = {
			isa = PBXGroup;
			children = (
				B55CE0002DD4C75500BA87B6 /* Module */,
				B5ECD2412DCDEE5C0031DAC1 /* WeatherAppApp.swift */,
				B584FD102DD31E5800BA7C35 /* AppDelegate.swift */,
				B5ECD2452DCDEE600031DAC1 /* Assets.xcassets */,
				B560F63B2DD74D0900D6C61A /* Secrets.plist */,
				B5ECD2472DCDEE600031DAC1 /* Preview Content */,
			);
			path = WeatherApp;
			sourceTree = "<group>";
		};
		B5ECD2472DCDEE600031DAC1 /* Preview Content */ = {
			isa = PBXGroup;
			children = (
				B5ECD2482DCDEE600031DAC1 /* Preview Assets.xcassets */,
			);
			path = "Preview Content";
			sourceTree = "<group>";
		};
		B5ECD2512DCDEE600031DAC1 /* WeatherAppTests */ = {
			isa = PBXGroup;
			children = (
				B5A167482DE77DEA00062C97 /* weather_response.json */,
				B5A167202DE718DA00062C97 /* WeatherHistoryInteractorTests.swift */,
				B5A167222DE718DA00062C97 /* WeatherHistoryPresenterTests.swift */,
				B5A167232DE718DB00062C97 /* WeatherInteractorTests.swift */,
				B5A167212DE718DA00062C97 /* WeatherPresenterTests.swift */,
				B5A1674C2DE7974E00062C97 /* CityInteractorTests.swift */,
				B5A1674E2DE8398500062C97 /* CityPresenterTests.swift */,
			);
			path = WeatherAppTests;
			sourceTree = "<group>";
		};
		B5ECD25B2DCDEE600031DAC1 /* WeatherAppUITests */ = {
			isa = PBXGroup;
			children = (
				B5ECD25C2DCDEE600031DAC1 /* WeatherAppUITests.swift */,
				B5ECD25E2DCDEE600031DAC1 /* WeatherAppUITestsLaunchTests.swift */,
			);
			path = WeatherAppUITests;
			sourceTree = "<group>";
		};
/* End PBXGroup section */

/* Begin PBXNativeTarget section */
		B5ECD23D2DCDEE5C0031DAC1 /* WeatherApp */ = {
			isa = PBXNativeTarget;
			buildConfigurationList = B5ECD2622DCDEE600031DAC1 /* Build configuration list for PBXNativeTarget "WeatherApp" */;
			buildPhases = (
				B5ECD23A2DCDEE5C0031DAC1 /* Sources */,
				B5ECD23B2DCDEE5C0031DAC1 /* Frameworks */,
				B5ECD23C2DCDEE5C0031DAC1 /* Resources */,
			);
			buildRules = (
			);
			dependencies = (
			);
			name = WeatherApp;
			packageProductDependencies = (
				B560F6442DD7A93C00D6C61A /* netfox */,
			);
			productName = WeatherApp;
			productReference = B5ECD23E2DCDEE5C0031DAC1 /* WeatherApp.app */;
			productType = "com.apple.product-type.application";
		};
		B5ECD24D2DCDEE600031DAC1 /* WeatherAppTests */ = {
			isa = PBXNativeTarget;
			buildConfigurationList = B5ECD2652DCDEE600031DAC1 /* Build configuration list for PBXNativeTarget "WeatherAppTests" */;
			buildPhases = (
				B5ECD24A2DCDEE600031DAC1 /* Sources */,
				B5ECD24B2DCDEE600031DAC1 /* Frameworks */,
				B5ECD24C2DCDEE600031DAC1 /* Resources */,
			);
			buildRules = (
			);
			dependencies = (
				B5ECD2502DCDEE600031DAC1 /* PBXTargetDependency */,
			);
			name = WeatherAppTests;
			productName = WeatherAppTests;
			productReference = B5ECD24E2DCDEE600031DAC1 /* WeatherAppTests.xctest */;
			productType = "com.apple.product-type.bundle.unit-test";
		};
		B5ECD2572DCDEE600031DAC1 /* WeatherAppUITests */ = {
			isa = PBXNativeTarget;
			buildConfigurationList = B5ECD2682DCDEE600031DAC1 /* Build configuration list for PBXNativeTarget "WeatherAppUITests" */;
			buildPhases = (
				B5ECD2542DCDEE600031DAC1 /* Sources */,
				B5ECD2552DCDEE600031DAC1 /* Frameworks */,
				B5ECD2562DCDEE600031DAC1 /* Resources */,
			);
			buildRules = (
			);
			dependencies = (
				B5ECD25A2DCDEE600031DAC1 /* PBXTargetDependency */,
			);
			name = WeatherAppUITests;
			productName = WeatherAppUITests;
			productReference = B5ECD2582DCDEE600031DAC1 /* WeatherAppUITests.xctest */;
			productType = "com.apple.product-type.bundle.ui-testing";
		};
/* End PBXNativeTarget section */

/* Begin PBXProject section */
		B5ECD2362DCDEE5C0031DAC1 /* Project object */ = {
			isa = PBXProject;
			attributes = {
				BuildIndependentTargetsInParallel = 1;
				LastSwiftUpdateCheck = 1420;
				LastUpgradeCheck = 1420;
				TargetAttributes = {
					B5ECD23D2DCDEE5C0031DAC1 = {
						CreatedOnToolsVersion = 14.2;
					};
					B5ECD24D2DCDEE600031DAC1 = {
						CreatedOnToolsVersion = 14.2;
						TestTargetID = B5ECD23D2DCDEE5C0031DAC1;
					};
					B5ECD2572DCDEE600031DAC1 = {
						CreatedOnToolsVersion = 14.2;
						TestTargetID = B5ECD23D2DCDEE5C0031DAC1;
					};
				};
			};
			buildConfigurationList = B5ECD2392DCDEE5C0031DAC1 /* Build configuration list for PBXProject "WeatherApp" */;
			compatibilityVersion = "Xcode 14.0";
			developmentRegion = en;
			hasScannedForEncodings = 0;
			knownRegions = (
				en,
				Base,
			);
			mainGroup = B5ECD2352DCDEE5C0031DAC1;
			packageReferences = (
				B560F6432DD7A93C00D6C61A /* XCRemoteSwiftPackageReference "netfox" */,
			);
			productRefGroup = B5ECD23F2DCDEE5C0031DAC1 /* Products */;
			projectDirPath = "";
			projectRoot = "";
			targets = (
				B5ECD23D2DCDEE5C0031DAC1 /* WeatherApp */,
				B5ECD24D2DCDEE600031DAC1 /* WeatherAppTests */,
				B5ECD2572DCDEE600031DAC1 /* WeatherAppUITests */,
			);
		};
/* End PBXProject section */

/* Begin PBXResourcesBuildPhase section */
		B5ECD23C2DCDEE5C0031DAC1 /* Resources */ = {
			isa = PBXResourcesBuildPhase;
			buildActionMask = 2147483647;
			files = (
				B5ECD2492DCDEE600031DAC1 /* Preview Assets.xcassets in Resources */,
				B560F63C2DD74D0900D6C61A /* Secrets.plist in Resources */,
				B5ECD2462DCDEE600031DAC1 /* Assets.xcassets in Resources */,
				B5A167492DE77DEA00062C97 /* weather_response.json in Resources */,
			);
			runOnlyForDeploymentPostprocessing = 0;
		};
		B5ECD24C2DCDEE600031DAC1 /* Resources */ = {
			isa = PBXResourcesBuildPhase;
			buildActionMask = 2147483647;
			files = (
				B5A1674A2DE77F1D00062C97 /* weather_response.json in Resources */,
			);
			runOnlyForDeploymentPostprocessing = 0;
		};
		B5ECD2562DCDEE600031DAC1 /* Resources */ = {
			isa = PBXResourcesBuildPhase;
			buildActionMask = 2147483647;
			files = (
				B5A1674B2DE77F1E00062C97 /* weather_response.json in Resources */,
			);
			runOnlyForDeploymentPostprocessing = 0;
		};
/* End PBXResourcesBuildPhase section */

/* Begin PBXSourcesBuildPhase section */
		B5ECD23A2DCDEE5C0031DAC1 /* Sources */ = {
			isa = PBXSourcesBuildPhase;
			buildActionMask = 2147483647;
			files = (
				B55CE00D2DD4C75500BA87B6 /* CitySearchPresenter.swift in Sources */,
				B5A1672C2DE7193600062C97 /* WeatherHistoryInteractor.swift in Sources */,
				B560F63E2DD760A600D6C61A /* Secrets.swift in Sources */,
				B5A167342DE7195500062C97 /* WeatherHistoryRouter.swift in Sources */,
				B5A1673B2DE7198A00062C97 /* WeatherButton.swift in Sources */,
				B5A77FF92DD7465C00DAB57B /* CitySearchView.swift in Sources */,
				B5A167302DE7194500062C97 /* WeatherHistoryPresenter.swift in Sources */,
				B5ECD2422DCDEE5C0031DAC1 /* WeatherAppApp.swift in Sources */,
				B5A1673A2DE7198A00062C97 /* WeatherLandingView.swift in Sources */,
				B5A167422DE7199A00062C97 /* Persistence.swift in Sources */,
				B5A1672D2DE7193600062C97 /* WeatherInteractor.swift in Sources */,
				B5A167452DE7199A00062C97 /* Item+CoreDataClass.swift in Sources */,
				B584FD112DD31E5800BA7C35 /* AppDelegate.swift in Sources */,
				B55CE0112DD4C75500BA87B6 /* CityRouter.swift in Sources */,
				B5A167312DE7194500062C97 /* WeatherPresenter.swift in Sources */,
				B55CE0102DD4C75500BA87B6 /* CityInteractor.swift in Sources */,
				B5A167292DE7192100062C97 /* WeatherEntity.swift in Sources */,
				B5A167392DE7198A00062C97 /* WeatherHistoryView.swift in Sources */,
				B55CDFFE2DD3686500BA87B6 /* ContentView.swift in Sources */,
				B59DFE572DE4818600C61563 /* WeatherHistoryPackage.xcdatamodeld in Sources */,
				B5A167442DE7199A00062C97 /* Item+CoreDataProperties.swift in Sources */,
				B5A167352DE7195500062C97 /* WeatherRouter.swift in Sources */,
			);
			runOnlyForDeploymentPostprocessing = 0;
		};
		B5ECD24A2DCDEE600031DAC1 /* Sources */ = {
			isa = PBXSourcesBuildPhase;
			buildActionMask = 2147483647;
			files = (
				B5A167242DE718DB00062C97 /* WeatherHistoryInteractorTests.swift in Sources */,
				B5A167262DE718DB00062C97 /* WeatherHistoryPresenterTests.swift in Sources */,
				B5A167252DE718DB00062C97 /* WeatherPresenterTests.swift in Sources */,
				B5A1674F2DE8398500062C97 /* CityPresenterTests.swift in Sources */,
				B5A167272DE718DB00062C97 /* WeatherInteractorTests.swift in Sources */,
				B5A1674D2DE7974E00062C97 /* CityInteractorTests.swift in Sources */,
			);
			runOnlyForDeploymentPostprocessing = 0;
		};
		B5ECD2542DCDEE600031DAC1 /* Sources */ = {
			isa = PBXSourcesBuildPhase;
			buildActionMask = 2147483647;
			files = (
				B5ECD25D2DCDEE600031DAC1 /* WeatherAppUITests.swift in Sources */,
				B5ECD25F2DCDEE600031DAC1 /* WeatherAppUITestsLaunchTests.swift in Sources */,
			);
			runOnlyForDeploymentPostprocessing = 0;
		};
/* End PBXSourcesBuildPhase section */

/* Begin PBXTargetDependency section */
		B5ECD2502DCDEE600031DAC1 /* PBXTargetDependency */ = {
			isa = PBXTargetDependency;
			target = B5ECD23D2DCDEE5C0031DAC1 /* WeatherApp */;
			targetProxy = B5ECD24F2DCDEE600031DAC1 /* PBXContainerItemProxy */;
		};
		B5ECD25A2DCDEE600031DAC1 /* PBXTargetDependency */ = {
			isa = PBXTargetDependency;
			target = B5ECD23D2DCDEE5C0031DAC1 /* WeatherApp */;
			targetProxy = B5ECD2592DCDEE600031DAC1 /* PBXContainerItemProxy */;
		};
/* End PBXTargetDependency section */

/* Begin XCBuildConfiguration section */
		B5ECD2602DCDEE600031DAC1 /* Debug */ = {
			isa = XCBuildConfiguration;
			buildSettings = {
				ALWAYS_SEARCH_USER_PATHS = NO;
				CLANG_ANALYZER_NONNULL = YES;
				CLANG_ANALYZER_NUMBER_OBJECT_CONVERSION = YES_AGGRESSIVE;
				CLANG_CXX_LANGUAGE_STANDARD = "gnu++20";
				CLANG_ENABLE_MODULES = YES;
				CLANG_ENABLE_OBJC_ARC = YES;
				CLANG_ENABLE_OBJC_WEAK = YES;
				CLANG_WARN_BLOCK_CAPTURE_AUTORELEASING = YES;
				CLANG_WARN_BOOL_CONVERSION = YES;
				CLANG_WARN_COMMA = YES;
				CLANG_WARN_CONSTANT_CONVERSION = YES;
				CLANG_WARN_DEPRECATED_OBJC_IMPLEMENTATIONS = YES;
				CLANG_WARN_DIRECT_OBJC_ISA_USAGE = YES_ERROR;
				CLANG_WARN_DOCUMENTATION_COMMENTS = YES;
				CLANG_WARN_EMPTY_BODY = YES;
				CLANG_WARN_ENUM_CONVERSION = YES;
				CLANG_WARN_INFINITE_RECURSION = YES;
				CLANG_WARN_INT_CONVERSION = YES;
				CLANG_WARN_NON_LITERAL_NULL_CONVERSION = YES;
				CLANG_WARN_OBJC_IMPLICIT_RETAIN_SELF = YES;
				CLANG_WARN_OBJC_LITERAL_CONVERSION = YES;
				CLANG_WARN_OBJC_ROOT_CLASS = YES_ERROR;
				CLANG_WARN_QUOTED_INCLUDE_IN_FRAMEWORK_HEADER = YES;
				CLANG_WARN_RANGE_LOOP_ANALYSIS = YES;
				CLANG_WARN_STRICT_PROTOTYPES = YES;
				CLANG_WARN_SUSPICIOUS_MOVE = YES;
				CLANG_WARN_UNGUARDED_AVAILABILITY = YES_AGGRESSIVE;
				CLANG_WARN_UNREACHABLE_CODE = YES;
				CLANG_WARN__DUPLICATE_METHOD_MATCH = YES;
				COPY_PHASE_STRIP = NO;
				DEBUG_INFORMATION_FORMAT = dwarf;
				ENABLE_STRICT_OBJC_MSGSEND = YES;
				ENABLE_TESTABILITY = YES;
				GCC_C_LANGUAGE_STANDARD = gnu11;
				GCC_DYNAMIC_NO_PIC = NO;
				GCC_NO_COMMON_BLOCKS = YES;
				GCC_OPTIMIZATION_LEVEL = 0;
				GCC_PREPROCESSOR_DEFINITIONS = (
					"DEBUG=1",
					"$(inherited)",
				);
				GCC_WARN_64_TO_32_BIT_CONVERSION = YES;
				GCC_WARN_ABOUT_RETURN_TYPE = YES_ERROR;
				GCC_WARN_UNDECLARED_SELECTOR = YES;
				GCC_WARN_UNINITIALIZED_AUTOS = YES_AGGRESSIVE;
				GCC_WARN_UNUSED_FUNCTION = YES;
				GCC_WARN_UNUSED_VARIABLE = YES;
				IPHONEOS_DEPLOYMENT_TARGET = 16.2;
				MTL_ENABLE_DEBUG_INFO = INCLUDE_SOURCE;
				MTL_FAST_MATH = YES;
				ONLY_ACTIVE_ARCH = YES;
				SDKROOT = iphoneos;
				SWIFT_ACTIVE_COMPILATION_CONDITIONS = DEBUG;
				SWIFT_OPTIMIZATION_LEVEL = "-Onone";
			};
			name = Debug;
		};
		B5ECD2612DCDEE600031DAC1 /* Release */ = {
			isa = XCBuildConfiguration;
			buildSettings = {
				ALWAYS_SEARCH_USER_PATHS = NO;
				CLANG_ANALYZER_NONNULL = YES;
				CLANG_ANALYZER_NUMBER_OBJECT_CONVERSION = YES_AGGRESSIVE;
				CLANG_CXX_LANGUAGE_STANDARD = "gnu++20";
				CLANG_ENABLE_MODULES = YES;
				CLANG_ENABLE_OBJC_ARC = YES;
				CLANG_ENABLE_OBJC_WEAK = YES;
				CLANG_WARN_BLOCK_CAPTURE_AUTORELEASING = YES;
				CLANG_WARN_BOOL_CONVERSION = YES;
				CLANG_WARN_COMMA = YES;
				CLANG_WARN_CONSTANT_CONVERSION = YES;
				CLANG_WARN_DEPRECATED_OBJC_IMPLEMENTATIONS = YES;
				CLANG_WARN_DIRECT_OBJC_ISA_USAGE = YES_ERROR;
				CLANG_WARN_DOCUMENTATION_COMMENTS = YES;
				CLANG_WARN_EMPTY_BODY = YES;
				CLANG_WARN_ENUM_CONVERSION = YES;
				CLANG_WARN_INFINITE_RECURSION = YES;
				CLANG_WARN_INT_CONVERSION = YES;
				CLANG_WARN_NON_LITERAL_NULL_CONVERSION = YES;
				CLANG_WARN_OBJC_IMPLICIT_RETAIN_SELF = YES;
				CLANG_WARN_OBJC_LITERAL_CONVERSION = YES;
				CLANG_WARN_OBJC_ROOT_CLASS = YES_ERROR;
				CLANG_WARN_QUOTED_INCLUDE_IN_FRAMEWORK_HEADER = YES;
				CLANG_WARN_RANGE_LOOP_ANALYSIS = YES;
				CLANG_WARN_STRICT_PROTOTYPES = YES;
				CLANG_WARN_SUSPICIOUS_MOVE = YES;
				CLANG_WARN_UNGUARDED_AVAILABILITY = YES_AGGRESSIVE;
				CLANG_WARN_UNREACHABLE_CODE = YES;
				CLANG_WARN__DUPLICATE_METHOD_MATCH = YES;
				COPY_PHASE_STRIP = NO;
				DEBUG_INFORMATION_FORMAT = "dwarf-with-dsym";
				ENABLE_NS_ASSERTIONS = NO;
				ENABLE_STRICT_OBJC_MSGSEND = YES;
				GCC_C_LANGUAGE_STANDARD = gnu11;
				GCC_NO_COMMON_BLOCKS = YES;
				GCC_WARN_64_TO_32_BIT_CONVERSION = YES;
				GCC_WARN_ABOUT_RETURN_TYPE = YES_ERROR;
				GCC_WARN_UNDECLARED_SELECTOR = YES;
				GCC_WARN_UNINITIALIZED_AUTOS = YES_AGGRESSIVE;
				GCC_WARN_UNUSED_FUNCTION = YES;
				GCC_WARN_UNUSED_VARIABLE = YES;
				IPHONEOS_DEPLOYMENT_TARGET = 16.2;
				MTL_ENABLE_DEBUG_INFO = NO;
				MTL_FAST_MATH = YES;
				SDKROOT = iphoneos;
				SWIFT_COMPILATION_MODE = wholemodule;
				SWIFT_OPTIMIZATION_LEVEL = "-O";
				VALIDATE_PRODUCT = YES;
			};
			name = Release;
		};
		B5ECD2632DCDEE600031DAC1 /* Debug */ = {
			isa = XCBuildConfiguration;
			buildSettings = {
				ASSETCATALOG_COMPILER_APPICON_NAME = AppIcon;
				ASSETCATALOG_COMPILER_GLOBAL_ACCENT_COLOR_NAME = AccentColor;
				CODE_SIGN_STYLE = Automatic;
				CURRENT_PROJECT_VERSION = 1;
				DEVELOPMENT_ASSET_PATHS = "\"WeatherApp/Preview Content\"";
				DEVELOPMENT_TEAM = HSFRJG6ZBK;
				ENABLE_PREVIEWS = YES;
				GENERATE_INFOPLIST_FILE = YES;
				INFOPLIST_KEY_UIApplicationSceneManifest_Generation = YES;
				INFOPLIST_KEY_UIApplicationSupportsIndirectInputEvents = YES;
				INFOPLIST_KEY_UILaunchScreen_Generation = YES;
				INFOPLIST_KEY_UISupportedInterfaceOrientations_iPad = "UIInterfaceOrientationPortrait UIInterfaceOrientationPortraitUpsideDown UIInterfaceOrientationLandscapeLeft UIInterfaceOrientationLandscapeRight";
				INFOPLIST_KEY_UISupportedInterfaceOrientations_iPhone = "UIInterfaceOrientationPortrait UIInterfaceOrientationLandscapeLeft UIInterfaceOrientationLandscapeRight";
				LD_RUNPATH_SEARCH_PATHS = (
					"$(inherited)",
					"@executable_path/Frameworks",
				);
				MARKETING_VERSION = 1.0;
				PRODUCT_BUNDLE_IDENTIFIER = com.vaishnavi.WeatherApp;
				PRODUCT_NAME = "$(TARGET_NAME)";
				SWIFT_EMIT_LOC_STRINGS = YES;
				SWIFT_VERSION = 5.0;
				TARGETED_DEVICE_FAMILY = "1,2";
			};
			name = Debug;
		};
		B5ECD2642DCDEE600031DAC1 /* Release */ = {
			isa = XCBuildConfiguration;
			buildSettings = {
				ASSETCATALOG_COMPILER_APPICON_NAME = AppIcon;
				ASSETCATALOG_COMPILER_GLOBAL_ACCENT_COLOR_NAME = AccentColor;
				CODE_SIGN_STYLE = Automatic;
				CURRENT_PROJECT_VERSION = 1;
				DEVELOPMENT_ASSET_PATHS = "\"WeatherApp/Preview Content\"";
				DEVELOPMENT_TEAM = HSFRJG6ZBK;
				ENABLE_PREVIEWS = YES;
				GENERATE_INFOPLIST_FILE = YES;
				INFOPLIST_KEY_UIApplicationSceneManifest_Generation = YES;
				INFOPLIST_KEY_UIApplicationSupportsIndirectInputEvents = YES;
				INFOPLIST_KEY_UILaunchScreen_Generation = YES;
				INFOPLIST_KEY_UISupportedInterfaceOrientations_iPad = "UIInterfaceOrientationPortrait UIInterfaceOrientationPortraitUpsideDown UIInterfaceOrientationLandscapeLeft UIInterfaceOrientationLandscapeRight";
				INFOPLIST_KEY_UISupportedInterfaceOrientations_iPhone = "UIInterfaceOrientationPortrait UIInterfaceOrientationLandscapeLeft UIInterfaceOrientationLandscapeRight";
				LD_RUNPATH_SEARCH_PATHS = (
					"$(inherited)",
					"@executable_path/Frameworks",
				);
				MARKETING_VERSION = 1.0;
				PRODUCT_BUNDLE_IDENTIFIER = com.vaishnavi.WeatherApp;
				PRODUCT_NAME = "$(TARGET_NAME)";
				SWIFT_EMIT_LOC_STRINGS = YES;
				SWIFT_VERSION = 5.0;
				TARGETED_DEVICE_FAMILY = "1,2";
			};
			name = Release;
		};
		B5ECD2662DCDEE600031DAC1 /* Debug */ = {
			isa = XCBuildConfiguration;
			buildSettings = {
				ALWAYS_EMBED_SWIFT_STANDARD_LIBRARIES = YES;
				BUNDLE_LOADER = "$(TEST_HOST)";
				CODE_SIGN_STYLE = Automatic;
				CURRENT_PROJECT_VERSION = 1;
				DEVELOPMENT_TEAM = HSFRJG6ZBK;
				GENERATE_INFOPLIST_FILE = YES;
				IPHONEOS_DEPLOYMENT_TARGET = 16.2;
				MARKETING_VERSION = 1.0;
				PRODUCT_BUNDLE_IDENTIFIER = com.practice.WeatherAppTests;
				PRODUCT_NAME = "$(TARGET_NAME)";
				SWIFT_EMIT_LOC_STRINGS = NO;
				SWIFT_VERSION = 5.0;
				TARGETED_DEVICE_FAMILY = "1,2";
				TEST_HOST = "$(BUILT_PRODUCTS_DIR)/WeatherApp.app/$(BUNDLE_EXECUTABLE_FOLDER_PATH)/WeatherApp";
			};
			name = Debug;
		};
		B5ECD2672DCDEE600031DAC1 /* Release */ = {
			isa = XCBuildConfiguration;
			buildSettings = {
				ALWAYS_EMBED_SWIFT_STANDARD_LIBRARIES = YES;
				BUNDLE_LOADER = "$(TEST_HOST)";
				CODE_SIGN_STYLE = Automatic;
				CURRENT_PROJECT_VERSION = 1;
				DEVELOPMENT_TEAM = HSFRJG6ZBK;
				GENERATE_INFOPLIST_FILE = YES;
				IPHONEOS_DEPLOYMENT_TARGET = 16.2;
				MARKETING_VERSION = 1.0;
				PRODUCT_BUNDLE_IDENTIFIER = com.practice.WeatherAppTests;
				PRODUCT_NAME = "$(TARGET_NAME)";
				SWIFT_EMIT_LOC_STRINGS = NO;
				SWIFT_VERSION = 5.0;
				TARGETED_DEVICE_FAMILY = "1,2";
				TEST_HOST = "$(BUILT_PRODUCTS_DIR)/WeatherApp.app/$(BUNDLE_EXECUTABLE_FOLDER_PATH)/WeatherApp";
			};
			name = Release;
		};
		B5ECD2692DCDEE600031DAC1 /* Debug */ = {
			isa = XCBuildConfiguration;
			buildSettings = {
				ALWAYS_EMBED_SWIFT_STANDARD_LIBRARIES = YES;
				CODE_SIGN_STYLE = Automatic;
				CURRENT_PROJECT_VERSION = 1;
				DEVELOPMENT_TEAM = HSFRJG6ZBK;
				GENERATE_INFOPLIST_FILE = YES;
				MARKETING_VERSION = 1.0;
				PRODUCT_BUNDLE_IDENTIFIER = com.practice.WeatherAppUITests;
				PRODUCT_NAME = "$(TARGET_NAME)";
				SWIFT_EMIT_LOC_STRINGS = NO;
				SWIFT_VERSION = 5.0;
				TARGETED_DEVICE_FAMILY = "1,2";
				TEST_TARGET_NAME = WeatherApp;
			};
			name = Debug;
		};
		B5ECD26A2DCDEE600031DAC1 /* Release */ = {
			isa = XCBuildConfiguration;
			buildSettings = {
				ALWAYS_EMBED_SWIFT_STANDARD_LIBRARIES = YES;
				CODE_SIGN_STYLE = Automatic;
				CURRENT_PROJECT_VERSION = 1;
				DEVELOPMENT_TEAM = HSFRJG6ZBK;
				GENERATE_INFOPLIST_FILE = YES;
				MARKETING_VERSION = 1.0;
				PRODUCT_BUNDLE_IDENTIFIER = com.practice.WeatherAppUITests;
				PRODUCT_NAME = "$(TARGET_NAME)";
				SWIFT_EMIT_LOC_STRINGS = NO;
				SWIFT_VERSION = 5.0;
				TARGETED_DEVICE_FAMILY = "1,2";
				TEST_TARGET_NAME = WeatherApp;
			};
			name = Release;
		};
/* End XCBuildConfiguration section */

/* Begin XCConfigurationList section */
		B5ECD2392DCDEE5C0031DAC1 /* Build configuration list for PBXProject "WeatherApp" */ = {
			isa = XCConfigurationList;
			buildConfigurations = (
				B5ECD2602DCDEE600031DAC1 /* Debug */,
				B5ECD2612DCDEE600031DAC1 /* Release */,
			);
			defaultConfigurationIsVisible = 0;
			defaultConfigurationName = Release;
		};
		B5ECD2622DCDEE600031DAC1 /* Build configuration list for PBXNativeTarget "WeatherApp" */ = {
			isa = XCConfigurationList;
			buildConfigurations = (
				B5ECD2632DCDEE600031DAC1 /* Debug */,
				B5ECD2642DCDEE600031DAC1 /* Release */,
			);
			defaultConfigurationIsVisible = 0;
			defaultConfigurationName = Release;
		};
		B5ECD2652DCDEE600031DAC1 /* Build configuration list for PBXNativeTarget "WeatherAppTests" */ = {
			isa = XCConfigurationList;
			buildConfigurations = (
				B5ECD2662DCDEE600031DAC1 /* Debug */,
				B5ECD2672DCDEE600031DAC1 /* Release */,
			);
			defaultConfigurationIsVisible = 0;
			defaultConfigurationName = Release;
		};
		B5ECD2682DCDEE600031DAC1 /* Build configuration list for PBXNativeTarget "WeatherAppUITests" */ = {
			isa = XCConfigurationList;
			buildConfigurations = (
				B5ECD2692DCDEE600031DAC1 /* Debug */,
				B5ECD26A2DCDEE600031DAC1 /* Release */,
			);
			defaultConfigurationIsVisible = 0;
			defaultConfigurationName = Release;
		};
/* End XCConfigurationList section */

/* Begin XCRemoteSwiftPackageReference section */
		B560F6432DD7A93C00D6C61A /* XCRemoteSwiftPackageReference "netfox" */ = {
			isa = XCRemoteSwiftPackageReference;
			repositoryURL = "https://github.com/kasketis/netfox";
			requirement = {
				branch = develop;
				kind = branch;
			};
		};
/* End XCRemoteSwiftPackageReference section */

/* Begin XCSwiftPackageProductDependency section */
		B560F6442DD7A93C00D6C61A /* netfox */ = {
			isa = XCSwiftPackageProductDependency;
			package = B560F6432DD7A93C00D6C61A /* XCRemoteSwiftPackageReference "netfox" */;
			productName = netfox;
		};
/* End XCSwiftPackageProductDependency section */

/* Begin XCVersionGroup section */
		B59DFE542DE4818600C61563 /* WeatherHistoryPackage.xcdatamodeld */ = {
			isa = XCVersionGroup;
			children = (
				B59DFE552DE4818600C61563 /* WeatherHistoryPackage.xcdatamodel */,
			);
			currentVersion = B59DFE552DE4818600C61563 /* WeatherHistoryPackage.xcdatamodel */;
			path = WeatherHistoryPackage.xcdatamodeld;
			sourceTree = "<group>";
			versionGroupType = wrapper.xcdatamodel;
		};
/* End XCVersionGroup section */
	};
	rootObject = B5ECD2362DCDEE5C0031DAC1 /* Project object */;
}
